
Microsoft Visual Studio Solution File, Format Version 10.00
# Visual Studio 2008
Project("{8BC9CEB8-8B4A-11D0-8D11-00A0C91BC942}") = "xixibase_server", "src\xixibase.vcproj", "{1BB899E1-BD14-4D3B-A0FB-5D972109F3FA}"
EndProject
Global
	GlobalSection(SolutionConfigurationPlatforms) = preSolution
		Debug|Win32 = Debug|Win32
		Release|Win32 = Release|Win32
		tcmalloc_release|Win32 = tcmalloc_release|Win32
	EndGlobalSection
	GlobalSection(ProjectConfigurationPlatforms) = postSolution
		{1BB899E1-BD14-4D3B-A0FB-5D972109F3FA}.Debug|Win32.ActiveCfg = Debug|Win32
		{1BB899E1-BD14-4D3B-A0FB-5D972109F3FA}.Debug|Win32.Build.0 = Debug|Win32
		{1BB899E1-BD14-4D3B-A0FB-5D972109F3FA}.Release|Win32.ActiveCfg = Release|Win32
		{1BB899E1-BD14-4D3B-A0FB-5D972109F3FA}.Release|Win32.Build.0 = Release|Win32
		{1BB899E1-BD14-4D3B-A0FB-5D972109F3FA}.tcmalloc_release|Win32.ActiveCfg = tcmalloc_release|Win32
		{1BB899E1-BD14-4D3B-A0FB-5D972109F3FA}.tcmalloc_release|Win32.Build.0 = tcmalloc_release|Win32
	EndGlobalSection
	GlobalSection(SolutionProperties) = preSolution
		HideSolutionNode = FALSE
	EndGlobalSection
EndGlobal
